{
    "_meta": {
        "hash": {
            "sha256": "2b04fd13f6516e2f9590b10990c1eb639bf826edb13764593f9d99504dc4ac9e"
        },
        "pipfile-spec": 6,
        "requires": {
            "python_version": "3.9"
        },
        "sources": [
            {
                "name": "pypi",
                "url": "https://pypi.org/simple",
                "verify_ssl": true
            }
        ]
    },
    "default": {
        "awscrt": {
            "hashes": [
                "sha256:00f5f5497ed7635e0a4e947ac4a52b650a5d684418144e20e30f463def681a12",
                "sha256:0a1a6900e3c699d8c8190da4e3e0de75cd9fe5f9176fb4211ec4623b4b311061",
                "sha256:0e014c2a3b04e34bfd6a7beb065ed8a0c670f83e822a29c8b6ff2e3fa65e1598",
                "sha256:18505d7d492f01bd9e311c500c9bd73595240110121117328f935c04e1d327a1",
                "sha256:18f41021231055dc8f6a6d76cf9b00ee9ad8e0b1bea54e2f3212fc00ba3f5318",
                "sha256:1f2e856f2234294b98e927daefe022a86437bbb7dc76691e166f61d1db461785",
                "sha256:1f7da7c11b3bb8bd697e63ee7fef7ca93cb56513379dd223b2435bcf62eb0f8f",
                "sha256:22c983bf117c5453268eaba87a7d4166a56d6039bc0d47f2768eea7cadfdd0ab",
                "sha256:2ebc571a6b04ac2af58a26adeeddde4691c14a4c9cb38fe856f7cd344f62b44f",
                "sha256:3cd8fe541e8fe90e5155429938d216fb114f2e38679fd2c3b040e90d04585d2d",
                "sha256:47d2694cd7116706a860ca31a0e07782428b07ac03126a39620c9f26b5f7716b",
                "sha256:4d407afe41abbe0f0fd32130a3d45fbd31dc96f90eb6b5c262bc9a8ff2c87114",
                "sha256:5188888f392868445bd023a04636f14a54b1a6e84eb6ace0a99270fb2ecc1c37",
                "sha256:5277f2de3e7a2be513fc30df216c8d3818a3a585bdc5de560c86b7c1a8b2d538",
                "sha256:5a1c82a9ce8debe941af2034e2a25c445df3716e13f77b67386ce2d9f9ab1610",
                "sha256:6279921cce4d507f2ecd9d21ee01ca70bdc5dc33b991fe53e5033dd00a3c94f6",
                "sha256:631dc8dd10f9ecdc7a0af9b89a8739ce631b76c1de6223208437db414a2bdfc1",
                "sha256:656a54ada68967e6ed64bf5a6fa9a5ed3d9b387255a9fa11a14196385ed55ec9",
                "sha256:6c2c77b93f04e6d1780c61783aa56618897a93808542c90afbac0351d77d65ba",
                "sha256:715c0ccc4ac90431a72cfad884b4c97e7b624e5474cd5811a995d68658ddc4ab",
                "sha256:76b8ef328ffe52fbaf0e962b3f897c1bf2ce7550cea86a3dc1b0112ef735d37d",
                "sha256:91a6f7942f9f9868fa33d9d21b99f3959968e4f86191a1ed677024d406fb5615",
                "sha256:a5ec42f83664c6879030af0bef48aee816fe0db3c1cc9b0407c9fe9336f249b9",
                "sha256:aa6d33d4e8b07258dc8019860a7ad56384cbcb46d42383aca4274384fecd7a29",
                "sha256:ae0268d358c297a1a7c1d06b886fa1803bfa464dba03b4a1dd657394c4cae43b",
                "sha256:bddae7af2593332dcf7b0f7828f4973b3345dba86b1ca6d60c16b8e3ee092e9d",
                "sha256:bfd52b07d71da44251ab4a44a1c83c2eb06edb60069bf8bbd44b0ed88c44b0a7",
                "sha256:c08ce5b3f7187746d8e36511f8fc3433b67486d0c9356790cfa7411e92ead519",
                "sha256:ca797aecb2bf2228304798c141d2889d912920779dec70fe0b6560848b59d7bb",
                "sha256:ce12a339e9ab99b2fba26be245edc696137c39ad16a4accb1cba59bd29fbc1e8",
                "sha256:dae692a6610d95737fe7e9fdae91b989f9eaf0c5809e3c210c5cb7e3ed3fe3bb",
                "sha256:dbe084e036eb0e9f9f4b79baa0a3c7aa83fe0dc05bbd975109aceb2ae928cc73",
                "sha256:e42258f77536a8287841c4597f78296ff7742d84b45c1c60bf3f0caa28e90546",
                "sha256:f2e6af4e03b549184e69acc1035634ff5d06d1f8e0d861e73fe0846df89b3683"
            ],
            "index": "pypi",
            "version": "==0.13.11"
        },
        "awsiot": {
            "hashes": [
                "sha256:ffa52ffce81c481bb94edcbe93fe675cf8dc72120d84b0922412da6d457771ec"
            ],
            "index": "pypi",
            "version": "==0.1.3"
        },
        "awsiotsdk": {
            "hashes": [
                "sha256:41cdcad04f2bfadaf8231b9a02eebfb85e3d6ecb6cbec2441c0fda6ca323871e",
                "sha256:ce85da1c7def28d63c2f26d50003bac4590a331d20301b6cffe760fc00279002"
            ],
            "index": "pypi",
            "version": "==1.11.1"
        },
        "boto3": {
            "hashes": [
                "sha256:441b619067cb205bfcd0e66fe085c16989ab65bd348823013e11bef991c00a5c",
                "sha256:65e45029d234ff94ba8aa3bacb9df00fbbb2f1d9ee7fd1c2e40f4815d12ec3f5"
            ],
            "markers": "python_version >= '3.6'",
            "version": "==1.22.9"
        },
        "botocore": {
            "hashes": [
                "sha256:71962de55b053a0124a0514155f4cdcf0bce81795ffc2bd6e000c1594e99125a",
                "sha256:a1d26b95aaa5b2e126df74b223d774fae7e6597bb55c363782178f5b87f0cad3"
            ],
            "markers": "python_version >= '3.6'",
            "version": "==1.25.9"
        },
        "click": {
            "hashes": [
                "sha256:7682dc8afb30297001674575ea00d1814d808d6a36af415a82bd481d37ba7b8e",
                "sha256:bb4d8133cb15a609f44e8213d9b391b0809795062913b383c62be0ee95b1db48"
            ],
            "markers": "python_version >= '3.7'",
            "version": "==8.1.3"
        },
        "colorzero": {
            "hashes": [
                "sha256:0e60d743a6b8071498a56465f7719c96a5e92928f858bab1be2a0d606c9aa0f8",
                "sha256:e7d5a5c26cd0dc37b164ebefc609f388de24f8593b659191e12d85f8f9d5eb58"
            ],
            "version": "==2.0"
        },
        "gpiozero": {
            "hashes": [
                "sha256:0eb95a9db372146813276f92de7f43c883a3e9fe69597fc3d29c04ef3d5d5f9e",
                "sha256:9af00b90d4fa775aa1fc023363e4aa5539844a5b0c461be5ced5cfabba364d99"
            ],
            "index": "pypi",
            "version": "==1.6.2"
        },
        "jmespath": {
            "hashes": [
                "sha256:a490e280edd1f57d6de88636992d05b71e97d69a26a19f058ecf7d304474bf5e",
                "sha256:e8dcd576ed616f14ec02eed0005c85973b5890083313860136657e24784e4c04"
            ],
            "markers": "python_version >= '3.7'",
            "version": "==1.0.0"
        },
        "python-dateutil": {
            "hashes": [
                "sha256:0123cacc1627ae19ddf3c27a5de5bd67ee4586fbdd6440d9748f8abb483d3e86",
                "sha256:961d03dc3453ebbc59dbdea9e4e11c5651520a876d0f4db161e8674aae935da9"
            ],
            "markers": "python_version >= '2.7' and python_version not in '3.0, 3.1, 3.2, 3.3'",
            "version": "==2.8.2"
        },
        "s3transfer": {
            "hashes": [
                "sha256:7a6f4c4d1fdb9a2b640244008e142cbc2cd3ae34b386584ef044dd0f27101971",
                "sha256:95c58c194ce657a5f4fb0b9e60a84968c808888aed628cd98ab8771fe1db98ed"
            ],
            "markers": "python_version >= '3.6'",
            "version": "==0.5.2"
        },
        "setuptools": {
            "hashes": [
                "sha256:26ead7d1f93efc0f8c804d9fafafbe4a44b179580a7105754b245155f9af05a8",
                "sha256:47c7b0c0f8fc10eec4cf1e71c6fdadf8decaa74ffa087e68cd1c20db7ad6a592"
            ],
            "markers": "python_version >= '3.7'",
            "version": "==62.1.0"
        },
        "six": {
            "hashes": [
                "sha256:1e61c37477a1626458e36f7b1d82aa5c9b094fa4802892072e49de9c60c4c926",
                "sha256:8abb2f1d86890a2dfb989f9a77cfcfd3e47c2a354b01111771326f8aa26e0254"
            ],
            "markers": "python_version >= '2.7' and python_version not in '3.0, 3.1, 3.2, 3.3'",
            "version": "==1.16.0"
        },
        "urllib3": {
            "hashes": [
                "sha256:44ece4d53fb1706f667c9bd1c648f5469a2ec925fcf3a776667042d645472c14",
                "sha256:aabaf16477806a5e1dd19aa41f8c2b7950dd3c746362d7e3223dbe6de6ac448e"
            ],
            "markers": "python_version >= '2.7' and python_version not in '3.0, 3.1, 3.2, 3.3, 3.4' and python_version < '4'",
            "version": "==1.26.9"
        }
    },
    "develop": {
        "black": {
            "hashes": [
                "sha256:06f9d8846f2340dfac80ceb20200ea5d1b3f181dd0556b47af4e8e0b24fa0a6b",
                "sha256:10dbe6e6d2988049b4655b2b739f98785a884d4d6b85bc35133a8fb9a2233176",
                "sha256:2497f9c2386572e28921fa8bec7be3e51de6801f7459dffd6e62492531c47e09",
                "sha256:30d78ba6bf080eeaf0b7b875d924b15cd46fec5fd044ddfbad38c8ea9171043a",
                "sha256:328efc0cc70ccb23429d6be184a15ce613f676bdfc85e5fe8ea2a9354b4e9015",
                "sha256:35020b8886c022ced9282b51b5a875b6d1ab0c387b31a065b84db7c33085ca79",
                "sha256:5795a0375eb87bfe902e80e0c8cfaedf8af4d49694d69161e5bd3206c18618bb",
                "sha256:5891ef8abc06576985de8fa88e95ab70641de6c1fca97e2a15820a9b69e51b20",
                "sha256:637a4014c63fbf42a692d22b55d8ad6968a946b4a6ebc385c5505d9625b6a464",
                "sha256:67c8301ec94e3bcc8906740fe071391bce40a862b7be0b86fb5382beefecd968",
                "sha256:6d2fc92002d44746d3e7db7cf9313cf4452f43e9ea77a2c939defce3b10b5c82",
                "sha256:6ee227b696ca60dd1c507be80a6bc849a5a6ab57ac7352aad1ffec9e8b805f21",
                "sha256:863714200ada56cbc366dc9ae5291ceb936573155f8bf8e9de92aef51f3ad0f0",
                "sha256:9b542ced1ec0ceeff5b37d69838106a6348e60db7b8fdd245294dc1d26136265",
                "sha256:a6342964b43a99dbc72f72812bf88cad8f0217ae9acb47c0d4f141a6416d2d7b",
                "sha256:ad4efa5fad66b903b4a5f96d91461d90b9507a812b3c5de657d544215bb7877a",
                "sha256:bc58025940a896d7e5356952228b68f793cf5fcb342be703c3a2669a1488cb72",
                "sha256:cc1e1de68c8e5444e8f94c3670bb48a2beef0e91dddfd4fcc29595ebd90bb9ce",
                "sha256:cee3e11161dde1b2a33a904b850b0899e0424cc331b7295f2a9698e79f9a69a0",
                "sha256:e3556168e2e5c49629f7b0f377070240bd5511e45e25a4497bb0073d9dda776a",
                "sha256:e8477ec6bbfe0312c128e74644ac8a02ca06bcdb8982d4ee06f209be28cdf163",
                "sha256:ee8f1f7228cce7dffc2b464f07ce769f478968bfb3dd1254a4c2eeed84928aad",
                "sha256:fd57160949179ec517d32ac2ac898b5f20d68ed1a9c977346efbac9c2f1e779d"
            ],
            "index": "pypi",
            "version": "==22.3.0"
        },
        "click": {
            "hashes": [
                "sha256:7682dc8afb30297001674575ea00d1814d808d6a36af415a82bd481d37ba7b8e",
                "sha256:bb4d8133cb15a609f44e8213d9b391b0809795062913b383c62be0ee95b1db48"
            ],
            "markers": "python_version >= '3.7'",
            "version": "==8.1.3"
        },
        "mypy-extensions": {
            "hashes": [
                "sha256:090fedd75945a69ae91ce1303b5824f428daf5a028d2f6ab8a299250a846f15d",
                "sha256:2d82818f5bb3e369420cb3c4060a7970edba416647068eb4c5343488a6c604a8"
            ],
            "version": "==0.4.3"
        },
        "pathspec": {
            "hashes": [
                "sha256:7d15c4ddb0b5c802d161efc417ec1a2558ea2653c2e8ad9c19098201dc1c993a",
                "sha256:e564499435a2673d586f6b2130bb5b95f04a3ba06f81b8f895b651a3c76aabb1"
            ],
            "version": "==0.9.0"
        },
        "platformdirs": {
            "hashes": [
                "sha256:027d8e83a2d7de06bbac4e5ef7e023c02b863d7ea5d079477e722bb41ab25788",
                "sha256:58c8abb07dcb441e6ee4b11d8df0ac856038f944ab98b7be6b27b2a3c7feef19"
            ],
            "markers": "python_version >= '3.7'",
            "version": "==2.5.2"
        },
        "tomli": {
            "hashes": [
                "sha256:939de3e7a6161af0c887ef91b7d41a53e7c5a1ca976325f429cb46ea9bc30ecc",
                "sha256:de526c12914f0c550d15924c62d72abc48d6fe7364aa87328337a31007fe8a4f"
            ],
            "markers": "python_version < '3.11'",
            "version": "==2.0.1"
        },
        "typing-extensions": {
            "hashes": [
                "sha256:6657594ee297170d19f67d55c05852a874e7eb634f4f753dbd667855e07c1708",
                "sha256:f1c24655a0da0d1b67f07e17a5e6b2a105894e6824b92096378bb3668ef02376"
            ],
            "markers": "python_version < '3.10'",
            "version": "==4.2.0"
        }
    }
}
